
Microsoft Visual Studio Solution File, Format Version 12.00
# Visual Studio Version 16
VisualStudioVersion = 16.0.29519.87
MinimumVisualStudioVersion = 10.0.40219.1
Project("{9A19103F-16F7-4668-BE54-9A1E7A4F7556}") = "ServerApp", "ServerApp\ServerApp.csproj", "{94DE8F22-C85F-4152-961E-62E2759486F8}"
EndProject
Project("{9A19103F-16F7-4668-BE54-9A1E7A4F7556}") = "clientApp", "clientApp\clientApp.csproj", "{F1A2AC0A-BFE0-4CED-8630-E028C10C645C}"
EndProject
Global
	GlobalSection(SolutionConfigurationPlatforms) = preSolution
		Debug|Any CPU = Debug|Any CPU
		Release|Any CPU = Release|Any CPU
	EndGlobalSection
	GlobalSection(ProjectConfigurationPlatforms) = postSolution
		{94DE8F22-C85F-4152-961E-62E2759486F8}.Debug|Any CPU.ActiveCfg = Debug|Any CPU
		{94DE8F22-C85F-4152-961E-62E2759486F8}.Debug|Any CPU.Build.0 = Debug|Any CPU
		{94DE8F22-C85F-4152-961E-62E2759486F8}.Release|Any CPU.ActiveCfg = Release|Any CPU
		{94DE8F22-C85F-4152-961E-62E2759486F8}.Release|Any CPU.Build.0 = Release|Any CPU
		{F1A2AC0A-BFE0-4CED-8630-E028C10C645C}.Debug|Any CPU.ActiveCfg = Debug|Any CPU
		{F1A2AC0A-BFE0-4CED-8630-E028C10C645C}.Debug|Any CPU.Build.0 = Debug|Any CPU
		{F1A2AC0A-BFE0-4CED-8630-E028C10C645C}.Release|Any CPU.ActiveCfg = Release|Any CPU
		{F1A2AC0A-BFE0-4CED-8630-E028C10C645C}.Release|Any CPU.Build.0 = Release|Any CPU
	EndGlobalSection
	GlobalSection(SolutionProperties) = preSolution
		HideSolutionNode = FALSE
	EndGlobalSection
	GlobalSection(ExtensibilityGlobals) = postSolution
		SolutionGuid = {B01B5DF7-8BEE-48E3-8F8A-37CA322300C8}
	EndGlobalSection
EndGlobal
